// !$*UTF8*$!
{
	archiveVersion = 1;
	classes = {
	};
	objectVersion = 55;
	objects = {

/* Begin PBXBuildFile section */
		485550FA28C4D3970058E341 /* AppDelegate.swift in Sources */ = {isa = PBXBuildFile; fileRef = 485550F928C4D3970058E341 /* AppDelegate.swift */; };
		485550FC28C4D3970058E341 /* SceneDelegate.swift in Sources */ = {isa = PBXBuildFile; fileRef = 485550FB28C4D3970058E341 /* SceneDelegate.swift */; };
		485550FE28C4D3970058E341 /* ViewController.swift in Sources */ = {isa = PBXBuildFile; fileRef = 485550FD28C4D3970058E341 /* ViewController.swift */; };
		4855510128C4D3970058E341 /* Main.storyboard in Resources */ = {isa = PBXBuildFile; fileRef = 485550FF28C4D3970058E341 /* Main.storyboard */; };
		4855510328C4D3990058E341 /* Assets.xcassets in Resources */ = {isa = PBXBuildFile; fileRef = 4855510228C4D3990058E341 /* Assets.xcassets */; };
		4855510628C4D3990058E341 /* LaunchScreen.storyboard in Resources */ = {isa = PBXBuildFile; fileRef = 4855510428C4D3990058E341 /* LaunchScreen.storyboard */; };
		4855510F28C4D6510058E341 /* Counter.swift in Sources */ = {isa = PBXBuildFile; fileRef = 4855510E28C4D6510058E341 /* Counter.swift */; };
		4855511228C4DAE80058E341 /* Samples.swift in Sources */ = {isa = PBXBuildFile; fileRef = 4855511128C4DAE80058E341 /* Samples.swift */; };
		4855511428C4DBD10058E341 /* Sample1.swift in Sources */ = {isa = PBXBuildFile; fileRef = 4855511328C4DBD10058E341 /* Sample1.swift */; };
		4855511628C4DBD50058E341 /* Sample2.swift in Sources */ = {isa = PBXBuildFile; fileRef = 4855511528C4DBD50058E341 /* Sample2.swift */; };
		4855511828C4DC9E0058E341 /* ImageDownloader.swift in Sources */ = {isa = PBXBuildFile; fileRef = 4855511728C4DC9E0058E341 /* ImageDownloader.swift */; };
/* End PBXBuildFile section */

/* Begin PBXFileReference section */
		485550F628C4D3970058E341 /* TryActor.app */ = {isa = PBXFileReference; explicitFileType = wrapper.application; includeInIndex = 0; path = TryActor.app; sourceTree = BUILT_PRODUCTS_DIR; };
		485550F928C4D3970058E341 /* AppDelegate.swift */ = {isa = PBXFileReference; lastKnownFileType = sourcecode.swift; path = AppDelegate.swift; sourceTree = "<group>"; };
		485550FB28C4D3970058E341 /* SceneDelegate.swift */ = {isa = PBXFileReference; lastKnownFileType = sourcecode.swift; path = SceneDelegate.swift; sourceTree = "<group>"; };
		485550FD28C4D3970058E341 /* ViewController.swift */ = {isa = PBXFileReference; lastKnownFileType = sourcecode.swift; path = ViewController.swift; sourceTree = "<group>"; };
		4855510028C4D3970058E341 /* Base */ = {isa = PBXFileReference; lastKnownFileType = file.storyboard; name = Base; path = Base.lproj/Main.storyboard; sourceTree = "<group>"; };
		4855510228C4D3990058E341 /* Assets.xcassets */ = {isa = PBXFileReference; lastKnownFileType = folder.assetcatalog; path = Assets.xcassets; sourceTree = "<group>"; };
		4855510528C4D3990058E341 /* Base */ = {isa = PBXFileReference; lastKnownFileType = file.storyboard; name = Base; path = Base.lproj/LaunchScreen.storyboard; sourceTree = "<group>"; };
		4855510728C4D3990058E341 /* Info.plist */ = {isa = PBXFileReference; lastKnownFileType = text.plist.xml; path = Info.plist; sourceTree = "<group>"; };
		4855510E28C4D6510058E341 /* Counter.swift */ = {isa = PBXFileReference; lastKnownFileType = sourcecode.swift; path = Counter.swift; sourceTree = "<group>"; };
		4855511128C4DAE80058E341 /* Samples.swift */ = {isa = PBXFileReference; lastKnownFileType = sourcecode.swift; path = Samples.swift; sourceTree = "<group>"; };
		4855511328C4DBD10058E341 /* Sample1.swift */ = {isa = PBXFileReference; lastKnownFileType = sourcecode.swift; path = Sample1.swift; sourceTree = "<group>"; };
		4855511528C4DBD50058E341 /* Sample2.swift */ = {isa = PBXFileReference; lastKnownFileType = sourcecode.swift; path = Sample2.swift; sourceTree = "<group>"; };
		4855511728C4DC9E0058E341 /* ImageDownloader.swift */ = {isa = PBXFileReference; lastKnownFileType = sourcecode.swift; path = ImageDownloader.swift; sourceTree = "<group>"; };
/* End PBXFileReference section */

/* Begin PBXFrameworksBuildPhase section */
		485550F328C4D3970058E341 /* Frameworks */ = {
			isa = PBXFrameworksBuildPhase;
			buildActionMask = 2147483647;
			files = (
			);
			runOnlyForDeploymentPostprocessing = 0;
		};
/* End PBXFrameworksBuildPhase section */

/* Begin PBXGroup section */
		485550ED28C4D3960058E341 = {
			isa = PBXGroup;
			children = (
				485550F828C4D3970058E341 /* TryActor */,
				485550F728C4D3970058E341 /* Products */,
			);
			sourceTree = "<group>";
		};
		485550F728C4D3970058E341 /* Products */ = {
			isa = PBXGroup;
			children = (
				485550F628C4D3970058E341 /* TryActor.app */,
			);
			name = Products;
			sourceTree = "<group>";
		};
		485550F828C4D3970058E341 /* TryActor */ = {
			isa = PBXGroup;
			children = (
				4855511028C4DACC0058E341 /* Samples */,
				4855510D28C4D6370058E341 /* Actors */,
				485550F928C4D3970058E341 /* AppDelegate.swift */,
				485550FB28C4D3970058E341 /* SceneDelegate.swift */,
				485550FD28C4D3970058E341 /* ViewController.swift */,
				485550FF28C4D3970058E341 /* Main.storyboard */,
				4855510228C4D3990058E341 /* Assets.xcassets */,
				4855510428C4D3990058E341 /* LaunchScreen.storyboard */,
				4855510728C4D3990058E341 /* Info.plist */,
			);
			path = TryActor;
			sourceTree = "<group>";
		};
		4855510D28C4D6370058E341 /* Actors */ = {
			isa = PBXGroup;
			children = (
				4855510E28C4D6510058E341 /* Counter.swift */,
				4855511728C4DC9E0058E341 /* ImageDownloader.swift */,
			);
			path = Actors;
			sourceTree = "<group>";
		};
		4855511028C4DACC0058E341 /* Samples */ = {
			isa = PBXGroup;
			children = (
				4855511128C4DAE80058E341 /* Samples.swift */,
				4855511328C4DBD10058E341 /* Sample1.swift */,
				4855511528C4DBD50058E341 /* Sample2.swift */,
			);
			path = Samples;
			sourceTree = "<group>";
		};
/* End PBXGroup section */

/* Begin PBXNativeTarget section */
		485550F528C4D3970058E341 /* TryActor */ = {
			isa = PBXNativeTarget;
			buildConfigurationList = 4855510A28C4D3990058E341 /* Build configuration list for PBXNativeTarget "TryActor" */;
			buildPhases = (
				485550F228C4D3970058E341 /* Sources */,
				485550F328C4D3970058E341 /* Frameworks */,
				485550F428C4D3970058E341 /* Resources */,
			);
			buildRules = (
			);
			dependencies = (
			);
			name = TryActor;
			productName = TryActor;
			productReference = 485550F628C4D3970058E341 /* TryActor.app */;
			productType = "com.apple.product-type.application";
		};
/* End PBXNativeTarget section */

/* Begin PBXProject section */
		485550EE28C4D3960058E341 /* Project object */ = {
			isa = PBXProject;
			attributes = {
				BuildIndependentTargetsInParallel = 1;
				LastSwiftUpdateCheck = 1340;
				LastUpgradeCheck = 1340;
				TargetAttributes = {
					485550F528C4D3970058E341 = {
						CreatedOnToolsVersion = 13.4.1;
					};
				};
			};
			buildConfigurationList = 485550F128C4D3970058E341 /* Build configuration list for PBXProject "TryActor" */;
			compatibilityVersion = "Xcode 13.0";
			developmentRegion = en;
			hasScannedForEncodings = 0;
			knownRegions = (
				en,
				Base,
			);
			mainGroup = 485550ED28C4D3960058E341;
			productRefGroup = 485550F728C4D3970058E341 /* Products */;
			projectDirPath = "";
			projectRoot = "";
			targets = (
				485550F528C4D3970058E341 /* TryActor */,
			);
		};
/* End PBXProject section */

/* Begin PBXResourcesBuildPhase section */
		485550F428C4D3970058E341 /* Resources */ = {
			isa = PBXResourcesBuildPhase;
			buildActionMask = 2147483647;
			files = (
				4855510628C4D3990058E341 /* LaunchScreen.storyboard in Resources */,
				4855510328C4D3990058E341 /* Assets.xcassets in Resources */,
				4855510128C4D3970058E341 /* Main.storyboard in Resources */,
			);
			runOnlyForDeploymentPostprocessing = 0;
		};
/* End PBXResourcesBuildPhase section */

/* Begin PBXSourcesBuildPhase section */
		485550F228C4D3970058E341 /* Sources */ = {
			isa = PBXSourcesBuildPhase;
			buildActionMask = 2147483647;
			files = (
				4855511628C4DBD50058E341 /* Sample2.swift in Sources */,
				4855510F28C4D6510058E341 /* Counter.swift in Sources */,
				4855511828C4DC9E0058E341 /* ImageDownloader.swift in Sources */,
				485550FE28C4D3970058E341 /* ViewController.swift in Sources */,
				485550FA28C4D3970058E341 /* AppDelegate.swift in Sources */,
				4855511228C4DAE80058E341 /* Samples.swift in Sources */,
				485550FC28C4D3970058E341 /* SceneDelegate.swift in Sources */,
				4855511428C4DBD10058E341 /* Sample1.swift in Sources */,
			);
			runOnlyForDeploymentPostprocessing = 0;
		};
/* End PBXSourcesBuildPhase section */

/* Begin PBXVariantGroup section */
		485550FF28C4D3970058E341 /* Main.storyboard */ = {
			isa = PBXVariantGroup;
			children = (
				4855510028C4D3970058E341 /* Base */,
			);
			name = Main.storyboard;
			sourceTree = "<group>";
		};
		4855510428C4D3990058E341 /* LaunchScreen.storyboard */ = {
			isa = PBXVariantGroup;
			children = (
				4855510528C4D3990058E341 /* Base */,
			);
			name = LaunchScreen.storyboard;
			sourceTree = "<group>";
		};
/* End PBXVariantGroup section */

/* Begin XCBuildConfiguration section */
		4855510828C4D3990058E341 /* Debug */ = {
			isa = XCBuildConfiguration;
			buildSettings = {
				ALWAYS_SEARCH_USER_PATHS = NO;
				CLANG_ANALYZER_NONNULL = YES;
				CLANG_ANALYZER_NUMBER_OBJECT_CONVERSION = YES_AGGRESSIVE;
				CLANG_CXX_LANGUAGE_STANDARD = "gnu++17";
				CLANG_ENABLE_MODULES = YES;
				CLANG_ENABLE_OBJC_ARC = YES;
				CLANG_ENABLE_OBJC_WEAK = YES;
				CLANG_WARN_BLOCK_CAPTURE_AUTORELEASING = YES;
				CLANG_WARN_BOOL_CONVERSION = YES;
				CLANG_WARN_COMMA = YES;
				CLANG_WARN_CONSTANT_CONVERSION = YES;
				CLANG_WARN_DEPRECATED_OBJC_IMPLEMENTATIONS = YES;
				CLANG_WARN_DIRECT_OBJC_ISA_USAGE = YES_ERROR;
				CLANG_WARN_DOCUMENTATION_COMMENTS = YES;
				CLANG_WARN_EMPTY_BODY = YES;
				CLANG_WARN_ENUM_CONVERSION = YES;
				CLANG_WARN_INFINITE_RECURSION = YES;
				CLANG_WARN_INT_CONVERSION = YES;
				CLANG_WARN_NON_LITERAL_NULL_CONVERSION = YES;
				CLANG_WARN_OBJC_IMPLICIT_RETAIN_SELF = YES;
				CLANG_WARN_OBJC_LITERAL_CONVERSION = YES;
				CLANG_WARN_OBJC_ROOT_CLASS = YES_ERROR;
				CLANG_WARN_QUOTED_INCLUDE_IN_FRAMEWORK_HEADER = YES;
				CLANG_WARN_RANGE_LOOP_ANALYSIS = YES;
				CLANG_WARN_STRICT_PROTOTYPES = YES;
				CLANG_WARN_SUSPICIOUS_MOVE = YES;
				CLANG_WARN_UNGUARDED_AVAILABILITY = YES_AGGRESSIVE;
				CLANG_WARN_UNREACHABLE_CODE = YES;
				CLANG_WARN__DUPLICATE_METHOD_MATCH = YES;
				COPY_PHASE_STRIP = NO;
				DEBUG_INFORMATION_FORMAT = dwarf;
				ENABLE_STRICT_OBJC_MSGSEND = YES;
				ENABLE_TESTABILITY = YES;
				GCC_C_LANGUAGE_STANDARD = gnu11;
				GCC_DYNAMIC_NO_PIC = NO;
				GCC_NO_COMMON_BLOCKS = YES;
				GCC_OPTIMIZATION_LEVEL = 0;
				GCC_PREPROCESSOR_DEFINITIONS = (
					"DEBUG=1",
					"$(inherited)",
				);
				GCC_WARN_64_TO_32_BIT_CONVERSION = YES;
				GCC_WARN_ABOUT_RETURN_TYPE = YES_ERROR;
				GCC_WARN_UNDECLARED_SELECTOR = YES;
				GCC_WARN_UNINITIALIZED_AUTOS = YES_AGGRESSIVE;
				GCC_WARN_UNUSED_FUNCTION = YES;
				GCC_WARN_UNUSED_VARIABLE = YES;
				IPHONEOS_DEPLOYMENT_TARGET = 15.5;
				MTL_ENABLE_DEBUG_INFO = INCLUDE_SOURCE;
				MTL_FAST_MATH = YES;
				ONLY_ACTIVE_ARCH = YES;
				SDKROOT = iphoneos;
				SWIFT_ACTIVE_COMPILATION_CONDITIONS = DEBUG;
				SWIFT_OPTIMIZATION_LEVEL = "-Onone";
			};
			name = Debug;
		};
		4855510928C4D3990058E341 /* Release */ = {
			isa = XCBuildConfiguration;
			buildSettings = {
				ALWAYS_SEARCH_USER_PATHS = NO;
				CLANG_ANALYZER_NONNULL = YES;
				CLANG_ANALYZER_NUMBER_OBJECT_CONVERSION = YES_AGGRESSIVE;
				CLANG_CXX_LANGUAGE_STANDARD = "gnu++17";
				CLANG_ENABLE_MODULES = YES;
				CLANG_ENABLE_OBJC_ARC = YES;
				CLANG_ENABLE_OBJC_WEAK = YES;
				CLANG_WARN_BLOCK_CAPTURE_AUTORELEASING = YES;
				CLANG_WARN_BOOL_CONVERSION = YES;
				CLANG_WARN_COMMA = YES;
				CLANG_WARN_CONSTANT_CONVERSION = YES;
				CLANG_WARN_DEPRECATED_OBJC_IMPLEMENTATIONS = YES;
				CLANG_WARN_DIRECT_OBJC_ISA_USAGE = YES_ERROR;
				CLANG_WARN_DOCUMENTATION_COMMENTS = YES;
				CLANG_WARN_EMPTY_BODY = YES;
				CLANG_WARN_ENUM_CONVERSION = YES;
				CLANG_WARN_INFINITE_RECURSION = YES;
				CLANG_WARN_INT_CONVERSION = YES;
				CLANG_WARN_NON_LITERAL_NULL_CONVERSION = YES;
				CLANG_WARN_OBJC_IMPLICIT_RETAIN_SELF = YES;
				CLANG_WARN_OBJC_LITERAL_CONVERSION = YES;
				CLANG_WARN_OBJC_ROOT_CLASS = YES_ERROR;
				CLANG_WARN_QUOTED_INCLUDE_IN_FRAMEWORK_HEADER = YES;
				CLANG_WARN_RANGE_LOOP_ANALYSIS = YES;
				CLANG_WARN_STRICT_PROTOTYPES = YES;
				CLANG_WARN_SUSPICIOUS_MOVE = YES;
				CLANG_WARN_UNGUARDED_AVAILABILITY = YES_AGGRESSIVE;
				CLANG_WARN_UNREACHABLE_CODE = YES;
				CLANG_WARN__DUPLICATE_METHOD_MATCH = YES;
				COPY_PHASE_STRIP = NO;
				DEBUG_INFORMATION_FORMAT = "dwarf-with-dsym";
				ENABLE_NS_ASSERTIONS = NO;
				ENABLE_STRICT_OBJC_MSGSEND = YES;
				GCC_C_LANGUAGE_STANDARD = gnu11;
				GCC_NO_COMMON_BLOCKS = YES;
				GCC_WARN_64_TO_32_BIT_CONVERSION = YES;
				GCC_WARN_ABOUT_RETURN_TYPE = YES_ERROR;
				GCC_WARN_UNDECLARED_SELECTOR = YES;
				GCC_WARN_UNINITIALIZED_AUTOS = YES_AGGRESSIVE;
				GCC_WARN_UNUSED_FUNCTION = YES;
				GCC_WARN_UNUSED_VARIABLE = YES;
				IPHONEOS_DEPLOYMENT_TARGET = 15.5;
				MTL_ENABLE_DEBUG_INFO = NO;
				MTL_FAST_MATH = YES;
				SDKROOT = iphoneos;
				SWIFT_COMPILATION_MODE = wholemodule;
				SWIFT_OPTIMIZATION_LEVEL = "-O";
				VALIDATE_PRODUCT = YES;
			};
			name = Release;
		};
		4855510B28C4D3990058E341 /* Debug */ = {
			isa = XCBuildConfiguration;
			buildSettings = {
				ASSETCATALOG_COMPILER_APPICON_NAME = AppIcon;
				ASSETCATALOG_COMPILER_GLOBAL_ACCENT_COLOR_NAME = AccentColor;
				CODE_SIGN_STYLE = Automatic;
				CURRENT_PROJECT_VERSION = 1;
				DEVELOPMENT_TEAM = 67NJZVUMG3;
				GENERATE_INFOPLIST_FILE = YES;
				INFOPLIST_FILE = TryActor/Info.plist;
				INFOPLIST_KEY_UIApplicationSupportsIndirectInputEvents = YES;
				INFOPLIST_KEY_UILaunchStoryboardName = LaunchScreen;
				INFOPLIST_KEY_UIMainStoryboardFile = Main;
				INFOPLIST_KEY_UISupportedInterfaceOrientations_iPad = "UIInterfaceOrientationPortrait UIInterfaceOrientationPortraitUpsideDown UIInterfaceOrientationLandscapeLeft UIInterfaceOrientationLandscapeRight";
				INFOPLIST_KEY_UISupportedInterfaceOrientations_iPhone = "UIInterfaceOrientationPortrait UIInterfaceOrientationLandscapeLeft UIInterfaceOrientationLandscapeRight";
				LD_RUNPATH_SEARCH_PATHS = (
					"$(inherited)",
					"@executable_path/Frameworks",
				);
				MARKETING_VERSION = 1.0;
				PRODUCT_BUNDLE_IDENTIFIER = "me.toshi-sv.TryActor";
				PRODUCT_NAME = "$(TARGET_NAME)";
				SWIFT_EMIT_LOC_STRINGS = YES;
				SWIFT_VERSION = 5.0;
				TARGETED_DEVICE_FAMILY = "1,2";
			};
			name = Debug;
		};
		4855510C28C4D3990058E341 /* Release */ = {
			isa = XCBuildConfiguration;
			buildSettings = {
				ASSETCATALOG_COMPILER_APPICON_NAME = AppIcon;
				ASSETCATALOG_COMPILER_GLOBAL_ACCENT_COLOR_NAME = AccentColor;
				CODE_SIGN_STYLE = Automatic;
				CURRENT_PROJECT_VERSION = 1;
				DEVELOPMENT_TEAM = 67NJZVUMG3;
				GENERATE_INFOPLIST_FILE = YES;
				INFOPLIST_FILE = TryActor/Info.plist;
				INFOPLIST_KEY_UIApplicationSupportsIndirectInputEvents = YES;
				INFOPLIST_KEY_UILaunchStoryboardName = LaunchScreen;
				INFOPLIST_KEY_UIMainStoryboardFile = Main;
				INFOPLIST_KEY_UISupportedInterfaceOrientations_iPad = "UIInterfaceOrientationPortrait UIInterfaceOrientationPortraitUpsideDown UIInterfaceOrientationLandscapeLeft UIInterfaceOrientationLandscapeRight";
				INFOPLIST_KEY_UISupportedInterfaceOrientations_iPhone = "UIInterfaceOrientationPortrait UIInterfaceOrientationLandscapeLeft UIInterfaceOrientationLandscapeRight";
				LD_RUNPATH_SEARCH_PATHS = (
					"$(inherited)",
					"@executable_path/Frameworks",
				);
				MARKETING_VERSION = 1.0;
				PRODUCT_BUNDLE_IDENTIFIER = "me.toshi-sv.TryActor";
				PRODUCT_NAME = "$(TARGET_NAME)";
				SWIFT_EMIT_LOC_STRINGS = YES;
				SWIFT_VERSION = 5.0;
				TARGETED_DEVICE_FAMILY = "1,2";
			};
			name = Release;
		};
/* End XCBuildConfiguration section */

/* Begin XCConfigurationList section */
		485550F128C4D3970058E341 /* Build configuration list for PBXProject "TryActor" */ = {
			isa = XCConfigurationList;
			buildConfigurations = (
				4855510828C4D3990058E341 /* Debug */,
				4855510928C4D3990058E341 /* Release */,
			);
			defaultConfigurationIsVisible = 0;
			defaultConfigurationName = Release;
		};
		4855510A28C4D3990058E341 /* Build configuration list for PBXNativeTarget "TryActor" */ = {
			isa = XCConfigurationList;
			buildConfigurations = (
				4855510B28C4D3990058E341 /* Debug */,
				4855510C28C4D3990058E341 /* Release */,
			);
			defaultConfigurationIsVisible = 0;
			defaultConfigurationName = Release;
		};
/* End XCConfigurationList section */
	};
	rootObject = 485550EE28C4D3960058E341 /* Project object */;
}
